
Microsoft Visual Studio Solution File, Format Version 12.00
# Visual Studio Version 16
VisualStudioVersion = 16.0.29613.14
MinimumVisualStudioVersion = 10.0.40219.1
Project("{FAE04EC0-301F-11D3-BF4B-00C04F79EFBC}") = "OperationAsync", "OperationAsync\OperationAsync.csproj", "{CC737E71-EFE2-40B6-9597-CAA68053B129}"
EndProject
Project("{FAE04EC0-301F-11D3-BF4B-00C04F79EFBC}") = "MvcAsync", "MvcAsync\MvcAsync.csproj", "{1699EB96-4D02-427C-BAC6-92D3C330E631}"
EndProject
Project("{FAE04EC0-301F-11D3-BF4B-00C04F79EFBC}") = "CalculatePiAsync", "CaculatePi\CalculatePiAsync.csproj", "{5BD2E7F3-AEFE-4698-B391-32AF3935BC8E}"
EndProject
Project("{FAE04EC0-301F-11D3-BF4B-00C04F79EFBC}") = "HttpClientAsyncControlFlow", "HttpClientAsync\HttpClientAsyncControlFlow.csproj", "{9678A801-B4C0-48ED-80F4-94AF22AAB4DE}"
EndProject
Project("{FAE04EC0-301F-11D3-BF4B-00C04F79EFBC}") = "AsyncDeadlock", "AsyncDeadlock\AsyncDeadlock.csproj", "{5C82BC00-84F9-45BE-BD6E-BFFEB191250E}"
EndProject
Global
	GlobalSection(SolutionConfigurationPlatforms) = preSolution
		Debug|Any CPU = Debug|Any CPU
		Release|Any CPU = Release|Any CPU
	EndGlobalSection
	GlobalSection(ProjectConfigurationPlatforms) = postSolution
		{CC737E71-EFE2-40B6-9597-CAA68053B129}.Debug|Any CPU.ActiveCfg = Debug|Any CPU
		{CC737E71-EFE2-40B6-9597-CAA68053B129}.Debug|Any CPU.Build.0 = Debug|Any CPU
		{CC737E71-EFE2-40B6-9597-CAA68053B129}.Release|Any CPU.ActiveCfg = Release|Any CPU
		{CC737E71-EFE2-40B6-9597-CAA68053B129}.Release|Any CPU.Build.0 = Release|Any CPU
		{1699EB96-4D02-427C-BAC6-92D3C330E631}.Debug|Any CPU.ActiveCfg = Debug|Any CPU
		{1699EB96-4D02-427C-BAC6-92D3C330E631}.Debug|Any CPU.Build.0 = Debug|Any CPU
		{1699EB96-4D02-427C-BAC6-92D3C330E631}.Release|Any CPU.ActiveCfg = Release|Any CPU
		{1699EB96-4D02-427C-BAC6-92D3C330E631}.Release|Any CPU.Build.0 = Release|Any CPU
		{5BD2E7F3-AEFE-4698-B391-32AF3935BC8E}.Debug|Any CPU.ActiveCfg = Debug|Any CPU
		{5BD2E7F3-AEFE-4698-B391-32AF3935BC8E}.Debug|Any CPU.Build.0 = Debug|Any CPU
		{5BD2E7F3-AEFE-4698-B391-32AF3935BC8E}.Release|Any CPU.ActiveCfg = Release|Any CPU
		{5BD2E7F3-AEFE-4698-B391-32AF3935BC8E}.Release|Any CPU.Build.0 = Release|Any CPU
		{9678A801-B4C0-48ED-80F4-94AF22AAB4DE}.Debug|Any CPU.ActiveCfg = Debug|Any CPU
		{9678A801-B4C0-48ED-80F4-94AF22AAB4DE}.Debug|Any CPU.Build.0 = Debug|Any CPU
		{9678A801-B4C0-48ED-80F4-94AF22AAB4DE}.Release|Any CPU.ActiveCfg = Release|Any CPU
		{9678A801-B4C0-48ED-80F4-94AF22AAB4DE}.Release|Any CPU.Build.0 = Release|Any CPU
		{5C82BC00-84F9-45BE-BD6E-BFFEB191250E}.Debug|Any CPU.ActiveCfg = Debug|Any CPU
		{5C82BC00-84F9-45BE-BD6E-BFFEB191250E}.Debug|Any CPU.Build.0 = Debug|Any CPU
		{5C82BC00-84F9-45BE-BD6E-BFFEB191250E}.Release|Any CPU.ActiveCfg = Release|Any CPU
		{5C82BC00-84F9-45BE-BD6E-BFFEB191250E}.Release|Any CPU.Build.0 = Release|Any CPU
	EndGlobalSection
	GlobalSection(SolutionProperties) = preSolution
		HideSolutionNode = FALSE
	EndGlobalSection
	GlobalSection(ExtensibilityGlobals) = postSolution
		SolutionGuid = {2AD03101-C761-423F-B390-838771D45A9E}
	EndGlobalSection
EndGlobal
